
Microsoft Visual Studio Solution File, Format Version 12.00
# Visual Studio 15
VisualStudioVersion = 15.0.28010.2016
MinimumVisualStudioVersion = 10.0.40219.1
Project("{FAE04EC0-301F-11D3-BF4B-00C04F79EFBC}") = "StudentHostelApp", "StudentHostelApp\StudentHostelApp.csproj", "{E76016F1-815E-4442-A154-A6A868C57660}"
EndProject
Project("{FAE04EC0-301F-11D3-BF4B-00C04F79EFBC}") = "UnitTestStudentHostel", "UnitTestStudentHostel\UnitTestStudentHostel.csproj", "{951E5CAA-885E-4170-B39C-15F85519B6F2}"
EndProject
Global
	GlobalSection(SolutionConfigurationPlatforms) = preSolution
		Debug|Any CPU = Debug|Any CPU
		Release|Any CPU = Release|Any CPU
	EndGlobalSection
	GlobalSection(ProjectConfigurationPlatforms) = postSolution
		{E76016F1-815E-4442-A154-A6A868C57660}.Debug|Any CPU.ActiveCfg = Debug|Any CPU
		{E76016F1-815E-4442-A154-A6A868C57660}.Debug|Any CPU.Build.0 = Debug|Any CPU
		{E76016F1-815E-4442-A154-A6A868C57660}.Release|Any CPU.ActiveCfg = Release|Any CPU
		{E76016F1-815E-4442-A154-A6A868C57660}.Release|Any CPU.Build.0 = Release|Any CPU
		{951E5CAA-885E-4170-B39C-15F85519B6F2}.Debug|Any CPU.ActiveCfg = Debug|Any CPU
		{951E5CAA-885E-4170-B39C-15F85519B6F2}.Debug|Any CPU.Build.0 = Debug|Any CPU
		{951E5CAA-885E-4170-B39C-15F85519B6F2}.Release|Any CPU.ActiveCfg = Release|Any CPU
		{951E5CAA-885E-4170-B39C-15F85519B6F2}.Release|Any CPU.Build.0 = Release|Any CPU
	EndGlobalSection
	GlobalSection(SolutionProperties) = preSolution
		HideSolutionNode = FALSE
	EndGlobalSection
	GlobalSection(ExtensibilityGlobals) = postSolution
		SolutionGuid = {E6642139-C953-4C2A-AA4C-2A279D31EBA2}
	EndGlobalSection
EndGlobal
